
Microsoft Visual Studio Solution File, Format Version 11.00
# Visual Studio 2010
Project("{FAE04EC0-301F-11D3-BF4B-00C04F79EFBC}") = "Assembly-CSharp", "Assembly-CSharp.csproj", "{7a3ab92e-ffaf-1c0f-e7f8-c85367ae2568}"
EndProject
Project("{FAE04EC0-301F-11D3-BF4B-00C04F79EFBC}") = "Assembly-CSharp-Editor", "Assembly-CSharp-Editor.csproj", "{34afc261-9d09-8b68-c963-cf862c67d179}"
EndProject
Global
	GlobalSection(SolutionConfigurationPlatforms) = preSolution
		Debug|Any CPU = Debug|Any CPU
	EndGlobalSection
	GlobalSection(ProjectConfigurationPlatforms) = postSolution
		{7a3ab92e-ffaf-1c0f-e7f8-c85367ae2568}.Debug|Any CPU.ActiveCfg = Debug|Any CPU
		{7a3ab92e-ffaf-1c0f-e7f8-c85367ae2568}.Debug|Any CPU.Build.0 = Debug|Any CPU
		{34afc261-9d09-8b68-c963-cf862c67d179}.Debug|Any CPU.ActiveCfg = Debug|Any CPU
		{34afc261-9d09-8b68-c963-cf862c67d179}.Debug|Any CPU.Build.0 = Debug|Any CPU
	EndGlobalSection
	GlobalSection(SolutionProperties) = preSolution
		HideSolutionNode = FALSE
	EndGlobalSection
EndGlobal
